
Microsoft Visual Studio Solution File, Format Version 12.00
# Visual Studio Version 17
VisualStudioVersion = 17.4.33403.182
MinimumVisualStudioVersion = 10.0.40219.1
Project("{FAE04EC0-301F-11D3-BF4B-00C04F79EFBC}") = "TextEditor", "TextEditor.csproj", "{3237ECF4-16D8-4A25-99DF-82DAA947BF60}"
EndProject
Global
	GlobalSection(SolutionConfigurationPlatforms) = preSolution
		Debug|Any CPU = Debug|Any CPU
		Release|Any CPU = Release|Any CPU
	EndGlobalSection
	GlobalSection(ProjectConfigurationPlatforms) = postSolution
		{3237ECF4-16D8-4A25-99DF-82DAA947BF60}.Debug|Any CPU.ActiveCfg = Debug|Any CPU
		{3237ECF4-16D8-4A25-99DF-82DAA947BF60}.Debug|Any CPU.Build.0 = Debug|Any CPU
		{3237ECF4-16D8-4A25-99DF-82DAA947BF60}.Release|Any CPU.ActiveCfg = Release|Any CPU
		{3237ECF4-16D8-4A25-99DF-82DAA947BF60}.Release|Any CPU.Build.0 = Release|Any CPU
	EndGlobalSection
	GlobalSection(SolutionProperties) = preSolution
		HideSolutionNode = FALSE
	EndGlobalSection
	GlobalSection(ExtensibilityGlobals) = postSolution
		SolutionGuid = {6A6F2A81-E52C-4EA6-8483-C81A11BF0C5F}
	EndGlobalSection
EndGlobal
