
Microsoft Visual Studio Solution File, Format Version 12.00
# Visual Studio Version 17
VisualStudioVersion = 17.4.33403.182
MinimumVisualStudioVersion = 10.0.40219.1
Project("{FAE04EC0-301F-11D3-BF4B-00C04F79EFBC}") = "重量單位轉換程式", "重量單位轉換程式.csproj", "{C18598DC-E88F-47B1-A2AF-225BD88AB3C9}"
EndProject
Global
	GlobalSection(SolutionConfigurationPlatforms) = preSolution
		Debug|Any CPU = Debug|Any CPU
		Release|Any CPU = Release|Any CPU
	EndGlobalSection
	GlobalSection(ProjectConfigurationPlatforms) = postSolution
		{C18598DC-E88F-47B1-A2AF-225BD88AB3C9}.Debug|Any CPU.ActiveCfg = Debug|Any CPU
		{C18598DC-E88F-47B1-A2AF-225BD88AB3C9}.Debug|Any CPU.Build.0 = Debug|Any CPU
		{C18598DC-E88F-47B1-A2AF-225BD88AB3C9}.Release|Any CPU.ActiveCfg = Release|Any CPU
		{C18598DC-E88F-47B1-A2AF-225BD88AB3C9}.Release|Any CPU.Build.0 = Release|Any CPU
	EndGlobalSection
	GlobalSection(SolutionProperties) = preSolution
		HideSolutionNode = FALSE
	EndGlobalSection
	GlobalSection(ExtensibilityGlobals) = postSolution
		SolutionGuid = {51C84391-8AC0-40B2-B207-4AB86AABC004}
	EndGlobalSection
EndGlobal
