
Microsoft Visual Studio Solution File, Format Version 12.00
# Visual Studio Version 17
VisualStudioVersion = 17.4.33403.182
MinimumVisualStudioVersion = 10.0.40219.1
Project("{FAE04EC0-301F-11D3-BF4B-00C04F79EFBC}") = "HelloWorld", "HelloWorld.csproj", "{796FE909-11DD-46F1-87D2-CE43E3F7A25C}"
EndProject
Global
	GlobalSection(SolutionConfigurationPlatforms) = preSolution
		Debug|Any CPU = Debug|Any CPU
		Release|Any CPU = Release|Any CPU
	EndGlobalSection
	GlobalSection(ProjectConfigurationPlatforms) = postSolution
		{796FE909-11DD-46F1-87D2-CE43E3F7A25C}.Debug|Any CPU.ActiveCfg = Debug|Any CPU
		{796FE909-11DD-46F1-87D2-CE43E3F7A25C}.Debug|Any CPU.Build.0 = Debug|Any CPU
		{796FE909-11DD-46F1-87D2-CE43E3F7A25C}.Release|Any CPU.ActiveCfg = Release|Any CPU
		{796FE909-11DD-46F1-87D2-CE43E3F7A25C}.Release|Any CPU.Build.0 = Release|Any CPU
	EndGlobalSection
	GlobalSection(SolutionProperties) = preSolution
		HideSolutionNode = FALSE
	EndGlobalSection
	GlobalSection(ExtensibilityGlobals) = postSolution
		SolutionGuid = {574AFECE-4B6B-431B-B91D-F1B86BA8BE9C}
	EndGlobalSection
EndGlobal
