
Microsoft Visual Studio Solution File, Format Version 12.00
# Visual Studio Version 17
VisualStudioVersion = 17.4.33403.182
MinimumVisualStudioVersion = 10.0.40219.1
Project("{FAE04EC0-301F-11D3-BF4B-00C04F79EFBC}") = "NotePad", "NotePad.csproj", "{05D1548B-92F9-4C3C-B415-7E8A9AC6E580}"
EndProject
Global
	GlobalSection(SolutionConfigurationPlatforms) = preSolution
		Debug|Any CPU = Debug|Any CPU
		Release|Any CPU = Release|Any CPU
	EndGlobalSection
	GlobalSection(ProjectConfigurationPlatforms) = postSolution
		{05D1548B-92F9-4C3C-B415-7E8A9AC6E580}.Debug|Any CPU.ActiveCfg = Debug|Any CPU
		{05D1548B-92F9-4C3C-B415-7E8A9AC6E580}.Debug|Any CPU.Build.0 = Debug|Any CPU
		{05D1548B-92F9-4C3C-B415-7E8A9AC6E580}.Release|Any CPU.ActiveCfg = Release|Any CPU
		{05D1548B-92F9-4C3C-B415-7E8A9AC6E580}.Release|Any CPU.Build.0 = Release|Any CPU
	EndGlobalSection
	GlobalSection(SolutionProperties) = preSolution
		HideSolutionNode = FALSE
	EndGlobalSection
	GlobalSection(ExtensibilityGlobals) = postSolution
		SolutionGuid = {DD0BFAF5-C7C5-41A4-AB48-F41976EBEBF7}
	EndGlobalSection
EndGlobal
